
Microsoft Visual Studio Solution File, Format Version 12.00
# Visual Studio 2013
VisualStudioVersion = 12.0.31101.0
MinimumVisualStudioVersion = 10.0.40219.1
Project("{FAE04EC0-301F-11D3-BF4B-00C04F79EFBC}") = "Web.Infrastructure", "Web.Infrastructure\Web.Infrastructure.csproj", "{A5866115-C309-425A-AAFE-B2C6A4770F3C}"
EndProject
Project("{FAE04EC0-301F-11D3-BF4B-00C04F79EFBC}") = "Web.Infrastructure.MsTest", "Web.Infrastructure.MsTest\Web.Infrastructure.MsTest.csproj", "{7C2021D7-7C82-4030-B325-2DACFF4BFD95}"
EndProject
Project("{2150E333-8FDC-42A3-9474-1A3956D46DE8}") = "Solution Items", "Solution Items", "{5CE8372C-DBC3-4F5B-A103-3D008BF2CE09}"
	ProjectSection(SolutionItems) = preProject
		ProductVersion.cs = ProductVersion.cs
		Readme.txt = Readme.txt
	EndProjectSection
EndProject
Project("{FAE04EC0-301F-11D3-BF4B-00C04F79EFBC}") = "DomainModel", "DomainModel\DomainModel.csproj", "{A552C3E9-5503-4B15-8B0E-59459DC2E8D7}"
EndProject
Project("{2150E333-8FDC-42A3-9474-1A3956D46DE8}") = ".nuget", ".nuget", "{C3D76345-80AF-48DA-AFC0-ED27B3AAC3F9}"
	ProjectSection(SolutionItems) = preProject
		.nuget\NuGet.Config = .nuget\NuGet.Config
		.nuget\NuGet.exe = .nuget\NuGet.exe
		.nuget\NuGet.targets = .nuget\NuGet.targets
	EndProjectSection
EndProject
Project("{FAE04EC0-301F-11D3-BF4B-00C04F79EFBC}") = "DomainModel.MsTest", "DomainModel.MsTest\DomainModel.MsTest.csproj", "{D096BEBA-757B-48F8-8F7A-3B659A75F45C}"
EndProject
Project("{FAE04EC0-301F-11D3-BF4B-00C04F79EFBC}") = "Web.Resources", "Web.Resources\Web.Resources.csproj", "{24E196EE-4057-4097-8494-3CE94CB0D13B}"
EndProject
Project("{FAE04EC0-301F-11D3-BF4B-00C04F79EFBC}") = "Web.Resources.MsTest", "Web.Resources.MsTest\Web.Resources.MsTest.csproj", "{B314F0B7-EB82-475F-96B8-013F724813E6}"
EndProject
Project("{FAE04EC0-301F-11D3-BF4B-00C04F79EFBC}") = "Website", "Website\Website.csproj", "{3EE36933-054F-43F0-B2E4-7DFB0FFFDABD}"
EndProject
Project("{FAE04EC0-301F-11D3-BF4B-00C04F79EFBC}") = "UnitTesting.Infrastructure", "UnitTesting.Infrastructure\UnitTesting.Infrastructure.csproj", "{410B7F81-72FD-46A9-A5C2-76276651A0E5}"
EndProject
Project("{FAE04EC0-301F-11D3-BF4B-00C04F79EFBC}") = "Web.Configuration", "Web.Configuration\Web.Configuration.csproj", "{86ED1B0E-B530-48EE-8B52-3ABAA96A7EBF}"
EndProject
Project("{FAE04EC0-301F-11D3-BF4B-00C04F79EFBC}") = "Web.Configuration.MsTest", "Web.Configuration.MsTest\Web.Configuration.MsTest.csproj", "{FD9DF618-7725-4A61-9003-F85F1B08F488}"
EndProject
Project("{FAE04EC0-301F-11D3-BF4B-00C04F79EFBC}") = "Core", "Core\Core.csproj", "{E0DB1815-F7CE-43C8-AE14-3451698B0D4C}"
EndProject
Project("{2150E333-8FDC-42A3-9474-1A3956D46DE8}") = "build", "build", "{5D9A4719-5D52-4782-9D6D-F06EFB2ABCC6}"
EndProject
Global
	GlobalSection(SolutionConfigurationPlatforms) = preSolution
		Debug|Any CPU = Debug|Any CPU
		Release|Any CPU = Release|Any CPU
	EndGlobalSection
	GlobalSection(ProjectConfigurationPlatforms) = postSolution
		{A5866115-C309-425A-AAFE-B2C6A4770F3C}.Debug|Any CPU.ActiveCfg = Debug|Any CPU
		{A5866115-C309-425A-AAFE-B2C6A4770F3C}.Debug|Any CPU.Build.0 = Debug|Any CPU
		{A5866115-C309-425A-AAFE-B2C6A4770F3C}.Release|Any CPU.ActiveCfg = Release|Any CPU
		{A5866115-C309-425A-AAFE-B2C6A4770F3C}.Release|Any CPU.Build.0 = Release|Any CPU
		{7C2021D7-7C82-4030-B325-2DACFF4BFD95}.Debug|Any CPU.ActiveCfg = Debug|Any CPU
		{7C2021D7-7C82-4030-B325-2DACFF4BFD95}.Debug|Any CPU.Build.0 = Debug|Any CPU
		{7C2021D7-7C82-4030-B325-2DACFF4BFD95}.Release|Any CPU.ActiveCfg = Release|Any CPU
		{7C2021D7-7C82-4030-B325-2DACFF4BFD95}.Release|Any CPU.Build.0 = Release|Any CPU
		{A552C3E9-5503-4B15-8B0E-59459DC2E8D7}.Debug|Any CPU.ActiveCfg = Debug|Any CPU
		{A552C3E9-5503-4B15-8B0E-59459DC2E8D7}.Debug|Any CPU.Build.0 = Debug|Any CPU
		{A552C3E9-5503-4B15-8B0E-59459DC2E8D7}.Release|Any CPU.ActiveCfg = Release|Any CPU
		{A552C3E9-5503-4B15-8B0E-59459DC2E8D7}.Release|Any CPU.Build.0 = Release|Any CPU
		{D096BEBA-757B-48F8-8F7A-3B659A75F45C}.Debug|Any CPU.ActiveCfg = Debug|Any CPU
		{D096BEBA-757B-48F8-8F7A-3B659A75F45C}.Debug|Any CPU.Build.0 = Debug|Any CPU
		{D096BEBA-757B-48F8-8F7A-3B659A75F45C}.Release|Any CPU.ActiveCfg = Release|Any CPU
		{D096BEBA-757B-48F8-8F7A-3B659A75F45C}.Release|Any CPU.Build.0 = Release|Any CPU
		{24E196EE-4057-4097-8494-3CE94CB0D13B}.Debug|Any CPU.ActiveCfg = Debug|Any CPU
		{24E196EE-4057-4097-8494-3CE94CB0D13B}.Debug|Any CPU.Build.0 = Debug|Any CPU
		{24E196EE-4057-4097-8494-3CE94CB0D13B}.Release|Any CPU.ActiveCfg = Release|Any CPU
		{24E196EE-4057-4097-8494-3CE94CB0D13B}.Release|Any CPU.Build.0 = Release|Any CPU
		{B314F0B7-EB82-475F-96B8-013F724813E6}.Debug|Any CPU.ActiveCfg = Debug|Any CPU
		{B314F0B7-EB82-475F-96B8-013F724813E6}.Debug|Any CPU.Build.0 = Debug|Any CPU
		{B314F0B7-EB82-475F-96B8-013F724813E6}.Release|Any CPU.ActiveCfg = Release|Any CPU
		{B314F0B7-EB82-475F-96B8-013F724813E6}.Release|Any CPU.Build.0 = Release|Any CPU
		{3EE36933-054F-43F0-B2E4-7DFB0FFFDABD}.Debug|Any CPU.ActiveCfg = Debug|Any CPU
		{3EE36933-054F-43F0-B2E4-7DFB0FFFDABD}.Debug|Any CPU.Build.0 = Debug|Any CPU
		{3EE36933-054F-43F0-B2E4-7DFB0FFFDABD}.Release|Any CPU.ActiveCfg = Release|Any CPU
		{3EE36933-054F-43F0-B2E4-7DFB0FFFDABD}.Release|Any CPU.Build.0 = Release|Any CPU
		{410B7F81-72FD-46A9-A5C2-76276651A0E5}.Debug|Any CPU.ActiveCfg = Debug|Any CPU
		{410B7F81-72FD-46A9-A5C2-76276651A0E5}.Debug|Any CPU.Build.0 = Debug|Any CPU
		{410B7F81-72FD-46A9-A5C2-76276651A0E5}.Release|Any CPU.ActiveCfg = Release|Any CPU
		{410B7F81-72FD-46A9-A5C2-76276651A0E5}.Release|Any CPU.Build.0 = Release|Any CPU
		{86ED1B0E-B530-48EE-8B52-3ABAA96A7EBF}.Debug|Any CPU.ActiveCfg = Debug|Any CPU
		{86ED1B0E-B530-48EE-8B52-3ABAA96A7EBF}.Debug|Any CPU.Build.0 = Debug|Any CPU
		{86ED1B0E-B530-48EE-8B52-3ABAA96A7EBF}.Release|Any CPU.ActiveCfg = Release|Any CPU
		{86ED1B0E-B530-48EE-8B52-3ABAA96A7EBF}.Release|Any CPU.Build.0 = Release|Any CPU
		{FD9DF618-7725-4A61-9003-F85F1B08F488}.Debug|Any CPU.ActiveCfg = Debug|Any CPU
		{FD9DF618-7725-4A61-9003-F85F1B08F488}.Debug|Any CPU.Build.0 = Debug|Any CPU
		{FD9DF618-7725-4A61-9003-F85F1B08F488}.Release|Any CPU.ActiveCfg = Release|Any CPU
		{FD9DF618-7725-4A61-9003-F85F1B08F488}.Release|Any CPU.Build.0 = Release|Any CPU
		{E0DB1815-F7CE-43C8-AE14-3451698B0D4C}.Debug|Any CPU.ActiveCfg = Debug|Any CPU
		{E0DB1815-F7CE-43C8-AE14-3451698B0D4C}.Debug|Any CPU.Build.0 = Debug|Any CPU
		{E0DB1815-F7CE-43C8-AE14-3451698B0D4C}.Release|Any CPU.ActiveCfg = Release|Any CPU
		{E0DB1815-F7CE-43C8-AE14-3451698B0D4C}.Release|Any CPU.Build.0 = Release|Any CPU
	EndGlobalSection
	GlobalSection(SolutionProperties) = preSolution
		HideSolutionNode = FALSE
	EndGlobalSection
EndGlobal
